
Microsoft Visual Studio Solution File, Format Version 12.00
# Visual Studio Version 17
VisualStudioVersion = 17.9.34414.90
MinimumVisualStudioVersion = 10.0.40219.1
Project("{FAE04EC0-301F-11D3-BF4B-00C04F79EFBC}") = "BlazorApp5", "BlazorApp5\BlazorApp5.csproj", "{F66A5136-B71C-4EB2-AA89-B20AD28B6D2D}"
EndProject
Project("{FAE04EC0-301F-11D3-BF4B-00C04F79EFBC}") = "Test.Shared", "Test.Shared\Test.Shared.csproj", "{5FCFF05D-1EF6-4AA5-9A2B-1553CA831185}"
EndProject
Global
	GlobalSection(SolutionConfigurationPlatforms) = preSolution
		Debug|Any CPU = Debug|Any CPU
		Release|Any CPU = Release|Any CPU
	EndGlobalSection
	GlobalSection(ProjectConfigurationPlatforms) = postSolution
		{F66A5136-B71C-4EB2-AA89-B20AD28B6D2D}.Debug|Any CPU.ActiveCfg = Debug|Any CPU
		{F66A5136-B71C-4EB2-AA89-B20AD28B6D2D}.Debug|Any CPU.Build.0 = Debug|Any CPU
		{F66A5136-B71C-4EB2-AA89-B20AD28B6D2D}.Release|Any CPU.ActiveCfg = Release|Any CPU
		{F66A5136-B71C-4EB2-AA89-B20AD28B6D2D}.Release|Any CPU.Build.0 = Release|Any CPU
		{5FCFF05D-1EF6-4AA5-9A2B-1553CA831185}.Debug|Any CPU.ActiveCfg = Debug|Any CPU
		{5FCFF05D-1EF6-4AA5-9A2B-1553CA831185}.Debug|Any CPU.Build.0 = Debug|Any CPU
		{5FCFF05D-1EF6-4AA5-9A2B-1553CA831185}.Release|Any CPU.ActiveCfg = Release|Any CPU
		{5FCFF05D-1EF6-4AA5-9A2B-1553CA831185}.Release|Any CPU.Build.0 = Release|Any CPU
	EndGlobalSection
	GlobalSection(SolutionProperties) = preSolution
		HideSolutionNode = FALSE
	EndGlobalSection
	GlobalSection(ExtensibilityGlobals) = postSolution
		SolutionGuid = {96B81E80-EEDE-4EDD-A90A-A361544E0C86}
	EndGlobalSection
EndGlobal
